Microsoft Visual Studio Solution File, Format Version 12.00
# Visual Studio Version 17
VisualStudioVersion = 17.5.2.0
MinimumVisualStudioVersion = 10.0.40219.1
Project("{FAE04EC0-301F-11D3-BF4B-00C04F79EFBC}") = "PokemonCardsAPI", "PokemonCardsAPI.csproj", "{0B27747E-F6B5-0D48-AE2E-A29B4FF93873}"
EndProject
Global
	GlobalSection(SolutionConfigurationPlatforms) = preSolution
		Debug|Any CPU = Debug|Any CPU
		Release|Any CPU = Release|Any CPU
	EndGlobalSection
	GlobalSection(ProjectConfigurationPlatforms) = postSolution
		{0B27747E-F6B5-0D48-AE2E-A29B4FF93873}.Debug|Any CPU.ActiveCfg = Debug|Any CPU
		{0B27747E-F6B5-0D48-AE2E-A29B4FF93873}.Debug|Any CPU.Build.0 = Debug|Any CPU
		{0B27747E-F6B5-0D48-AE2E-A29B4FF93873}.Release|Any CPU.ActiveCfg = Release|Any CPU
		{0B27747E-F6B5-0D48-AE2E-A29B4FF93873}.Release|Any CPU.Build.0 = Release|Any CPU
	EndGlobalSection
	GlobalSection(SolutionProperties) = preSolution
		HideSolutionNode = FALSE
	EndGlobalSection
	GlobalSection(ExtensibilityGlobals) = postSolution
		SolutionGuid = {7A58AC62-F3EC-4945-80E5-7BCE7E0A1358}
	EndGlobalSection
EndGlobal
